
Microsoft Visual Studio Solution File, Format Version 12.00
# Visual Studio 15
VisualStudioVersion = 15.0.27130.2010
MinimumVisualStudioVersion = 10.0.40219.1
Project("{FAE04EC0-301F-11D3-BF4B-00C04F79EFBC}") = "DapperUnitOfWork", "DapperUnitOfWork\DapperUnitOfWork.csproj", "{405FC1CF-B7A5-4F01-A293-FAA7355F21FA}"
EndProject
Project("{FAE04EC0-301F-11D3-BF4B-00C04F79EFBC}") = "DapperUnitOfWorkTests", "DapperUnitOfWorkTests\DapperUnitOfWorkTests.csproj", "{B634E99C-C50F-4D90-85B1-C01A0373C109}"
EndProject
Global
	GlobalSection(SolutionConfigurationPlatforms) = preSolution
		Debug|Any CPU = Debug|Any CPU
		Release|Any CPU = Release|Any CPU
	EndGlobalSection
	GlobalSection(ProjectConfigurationPlatforms) = postSolution
		{405FC1CF-B7A5-4F01-A293-FAA7355F21FA}.Debug|Any CPU.ActiveCfg = Debug|Any CPU
		{405FC1CF-B7A5-4F01-A293-FAA7355F21FA}.Debug|Any CPU.Build.0 = Debug|Any CPU
		{405FC1CF-B7A5-4F01-A293-FAA7355F21FA}.Release|Any CPU.ActiveCfg = Release|Any CPU
		{405FC1CF-B7A5-4F01-A293-FAA7355F21FA}.Release|Any CPU.Build.0 = Release|Any CPU
		{B634E99C-C50F-4D90-85B1-C01A0373C109}.Debug|Any CPU.ActiveCfg = Debug|Any CPU
		{B634E99C-C50F-4D90-85B1-C01A0373C109}.Debug|Any CPU.Build.0 = Debug|Any CPU
		{B634E99C-C50F-4D90-85B1-C01A0373C109}.Release|Any CPU.ActiveCfg = Release|Any CPU
		{B634E99C-C50F-4D90-85B1-C01A0373C109}.Release|Any CPU.Build.0 = Release|Any CPU
	EndGlobalSection
	GlobalSection(SolutionProperties) = preSolution
		HideSolutionNode = FALSE
	EndGlobalSection
	GlobalSection(ExtensibilityGlobals) = postSolution
		SolutionGuid = {D7C8150E-712E-46C9-B5AA-31A43634D179}
		EnterpriseLibraryConfigurationToolBinariesPath = packages\Unity.2.1.505.2\lib\NET35
	EndGlobalSection
EndGlobal
